
Microsoft Visual Studio Solution File, Format Version 12.00
# Visual Studio Version 16
VisualStudioVersion = 16.0.30011.22
MinimumVisualStudioVersion = 10.0.40219.1
Project("{FAE04EC0-301F-11D3-BF4B-00C04F79EFBC}") = "WebForm", "WebForm.csproj", "{BB9E3924-65B8-4634-B9C3-54E567BC7F46}"
EndProject
Global
	GlobalSection(SolutionConfigurationPlatforms) = preSolution
		Debug|Any CPU = Debug|Any CPU
		Release|Any CPU = Release|Any CPU
	EndGlobalSection
	GlobalSection(ProjectConfigurationPlatforms) = postSolution
		{BB9E3924-65B8-4634-B9C3-54E567BC7F46}.Debug|Any CPU.ActiveCfg = Debug|Any CPU
		{BB9E3924-65B8-4634-B9C3-54E567BC7F46}.Debug|Any CPU.Build.0 = Debug|Any CPU
		{BB9E3924-65B8-4634-B9C3-54E567BC7F46}.Release|Any CPU.ActiveCfg = Release|Any CPU
		{BB9E3924-65B8-4634-B9C3-54E567BC7F46}.Release|Any CPU.Build.0 = Release|Any CPU
	EndGlobalSection
	GlobalSection(SolutionProperties) = preSolution
		HideSolutionNode = FALSE
	EndGlobalSection
	GlobalSection(ExtensibilityGlobals) = postSolution
		SolutionGuid = {75A90568-78E2-4B6A-882F-08AADCE74026}
	EndGlobalSection
EndGlobal
